
Microsoft Visual Studio Solution File, Format Version 12.00
# Visual Studio 2013
VisualStudioVersion = 12.0.21005.1
MinimumVisualStudioVersion = 10.0.40219.1
Project("{FAE04EC0-301F-11D3-BF4B-00C04F79EFBC}") = "MyWebApi", "MyWebApi\MyWebApi.csproj", "{DE639D99-4E30-4D61-9C39-5F79307CBBC6}"
EndProject
Project("{FAE04EC0-301F-11D3-BF4B-00C04F79EFBC}") = "Entity", "Entity\Entity.csproj", "{8866542A-5E2A-4ECA-A83D-CDA163B49BAE}"
EndProject
Project("{FAE04EC0-301F-11D3-BF4B-00C04F79EFBC}") = "BLL", "BLL\BLL.csproj", "{C3CA4D15-E30E-4E48-B54D-28CCB5A22229}"
EndProject
Project("{FAE04EC0-301F-11D3-BF4B-00C04F79EFBC}") = "Utility", "Utility\Utility.csproj", "{143B2C41-E95A-43FC-800A-89156D87E40F}"
EndProject
Project("{FAE04EC0-301F-11D3-BF4B-00C04F79EFBC}") = "CommandParser", "CommandParser\CommandParser.csproj", "{001806CE-3BF2-447C-8EEE-F6EFCE4ECFD0}"
EndProject
Global
	GlobalSection(SolutionConfigurationPlatforms) = preSolution
		Debug|Any CPU = Debug|Any CPU
		Release|Any CPU = Release|Any CPU
	EndGlobalSection
	GlobalSection(ProjectConfigurationPlatforms) = postSolution
		{DE639D99-4E30-4D61-9C39-5F79307CBBC6}.Debug|Any CPU.ActiveCfg = Debug|Any CPU
		{DE639D99-4E30-4D61-9C39-5F79307CBBC6}.Debug|Any CPU.Build.0 = Debug|Any CPU
		{DE639D99-4E30-4D61-9C39-5F79307CBBC6}.Release|Any CPU.ActiveCfg = Release|Any CPU
		{DE639D99-4E30-4D61-9C39-5F79307CBBC6}.Release|Any CPU.Build.0 = Release|Any CPU
		{8866542A-5E2A-4ECA-A83D-CDA163B49BAE}.Debug|Any CPU.ActiveCfg = Debug|Any CPU
		{8866542A-5E2A-4ECA-A83D-CDA163B49BAE}.Debug|Any CPU.Build.0 = Debug|Any CPU
		{8866542A-5E2A-4ECA-A83D-CDA163B49BAE}.Release|Any CPU.ActiveCfg = Release|Any CPU
		{8866542A-5E2A-4ECA-A83D-CDA163B49BAE}.Release|Any CPU.Build.0 = Release|Any CPU
		{C3CA4D15-E30E-4E48-B54D-28CCB5A22229}.Debug|Any CPU.ActiveCfg = Debug|Any CPU
		{C3CA4D15-E30E-4E48-B54D-28CCB5A22229}.Debug|Any CPU.Build.0 = Debug|Any CPU
		{C3CA4D15-E30E-4E48-B54D-28CCB5A22229}.Release|Any CPU.ActiveCfg = Release|Any CPU
		{C3CA4D15-E30E-4E48-B54D-28CCB5A22229}.Release|Any CPU.Build.0 = Release|Any CPU
		{143B2C41-E95A-43FC-800A-89156D87E40F}.Debug|Any CPU.ActiveCfg = Debug|Any CPU
		{143B2C41-E95A-43FC-800A-89156D87E40F}.Debug|Any CPU.Build.0 = Debug|Any CPU
		{143B2C41-E95A-43FC-800A-89156D87E40F}.Release|Any CPU.ActiveCfg = Release|Any CPU
		{143B2C41-E95A-43FC-800A-89156D87E40F}.Release|Any CPU.Build.0 = Release|Any CPU
		{001806CE-3BF2-447C-8EEE-F6EFCE4ECFD0}.Debug|Any CPU.ActiveCfg = Debug|Any CPU
		{001806CE-3BF2-447C-8EEE-F6EFCE4ECFD0}.Debug|Any CPU.Build.0 = Debug|Any CPU
		{001806CE-3BF2-447C-8EEE-F6EFCE4ECFD0}.Release|Any CPU.ActiveCfg = Release|Any CPU
		{001806CE-3BF2-447C-8EEE-F6EFCE4ECFD0}.Release|Any CPU.Build.0 = Release|Any CPU
	EndGlobalSection
	GlobalSection(SolutionProperties) = preSolution
		HideSolutionNode = FALSE
	EndGlobalSection
EndGlobal
